<?xml version="1.0" encoding="UTF-8"?>
<Scheme
   LastUpgradeVersion = "0940"
   version = "2.0">
   <BuildAction
      parallelizeBuildables = "YES"
      buildImplicitDependencies = "YES">
      <BuildActionEntries>
         <BuildActionEntry
            buildForTesting = "YES"
            buildForRunning = "YES"
            buildForProfiling = "NO"
            buildForArchiving = "NO"
            buildForAnalyzing = "NO">
            <BuildableReference
               BuildableIdentifier = "primary"
               BlueprintIdentifier = "79B0AFF620E519C600602E7E"
               BuildableName = "[Test] iOS Code Coverage (Unit).xctest"
               BlueprintName = "[Test] iOS Code Coverage (Unit)"
               ReferencedContainer = "container:YAHTTPVCR.xcodeproj">
            </BuildableReference>
         </BuildActionEntry>
      </BuildActionEntries>
   </BuildAction>
   <TestAction
      buildConfiguration = "Debug"
      selectedDebuggerIdentifier = "Xcode.DebuggerFoundation.Debugger.LLDB"
      selectedLauncherIdentifier = "Xcode.DebuggerFoundation.Launcher.LLDB"
      enableAddressSanitizer = "YES"
      enableASanStackUseAfterReturn = "YES"
      codeCoverageEnabled = "YES"
      shouldUseLaunchSchemeArgsEnv = "YES">
      <CodeCoverageTargets>
         <BuildableReference
            BuildableIdentifier = "primary"
            BlueprintIdentifier = "79B0AFF620E519C600602E7E"
            BuildableName = "[Test] iOS Code Coverage (Unit).xctest"
            BlueprintName = "[Test] iOS Code Coverage (Unit)"
            ReferencedContainer = "container:YAHTTPVCR.xcodeproj">
         </BuildableReference>
      </CodeCoverageTargets>
      <Testables>
         <TestableReference
            skipped = "NO">
            <BuildableReference
               BuildableIdentifier = "primary"
               BlueprintIdentifier = "79B0AFF620E519C600602E7E"
               BuildableName = "[Test] iOS Code Coverage (Unit).xctest"
               BlueprintName = "[Test] iOS Code Coverage (Unit)"
               ReferencedContainer = "container:YAHTTPVCR.xcodeproj">
            </BuildableReference>
            <SkippedTests>
               <Test
                  Identifier = "YHVCassetteRecordingIntegrationTest">
               </Test>
               <Test
                  Identifier = "YHVIntegrationTestCase">
               </Test>
            </SkippedTests>
         </TestableReference>
      </Testables>
      <AdditionalOptions>
      </AdditionalOptions>
   </TestAction>
   <LaunchAction
      buildConfiguration = "Debug"
      selectedDebuggerIdentifier = "Xcode.DebuggerFoundation.Debugger.LLDB"
      selectedLauncherIdentifier = "Xcode.DebuggerFoundation.Launcher.LLDB"
      enableThreadSanitizer = "YES"
      enableUBSanitizer = "YES"
      launchStyle = "0"
      useCustomWorkingDirectory = "NO"
      ignoresPersistentStateOnLaunch = "NO"
      debugDocumentVersioning = "YES"
      debugXPCServices = "NO"
      debugServiceExtension = "internal"
      allowLocationSimulation = "NO">
      <MacroExpansion>
         <BuildableReference
            BuildableIdentifier = "primary"
            BlueprintIdentifier = "79B0AFF620E519C600602E7E"
            BuildableName = "[Test] iOS Code Coverage (Unit).xctest"
            BlueprintName = "[Test] iOS Code Coverage (Unit)"
            ReferencedContainer = "container:YAHTTPVCR.xcodeproj">
         </BuildableReference>
      </MacroExpansion>
      <EnvironmentVariables>
         <EnvironmentVariable
            key = "OS_ACTIVITY_MODE"
            value = "disable"
            isEnabled = "NO">
         </EnvironmentVariable>
      </EnvironmentVariables>
      <AdditionalOptions>
      </AdditionalOptions>
   </LaunchAction>
   <ProfileAction
      buildConfiguration = "Release"
      shouldUseLaunchSchemeArgsEnv = "YES"
      savedToolIdentifier = ""
      useCustomWorkingDirectory = "NO"
      debugDocumentVersioning = "YES">
      <MacroExpansion>
         <BuildableReference
            BuildableIdentifier = "primary"
            BlueprintIdentifier = "79B0AFF620E519C600602E7E"
            BuildableName = "[Test] iOS Code Coverage (Unit).xctest"
            BlueprintName = "[Test] iOS Code Coverage (Unit)"
            ReferencedContainer = "container:YAHTTPVCR.xcodeproj">
         </BuildableReference>
      </MacroExpansion>
   </ProfileAction>
   <AnalyzeAction
      buildConfiguration = "Debug">
   </AnalyzeAction>
   <ArchiveAction
      buildConfiguration = "Release"
      revealArchiveInOrganizer = "YES">
   </ArchiveAction>
</Scheme>
